<?xml version="1.0" encoding="utf-8"?>
<Project ToolsVersion="18.0" xmlns="http://schemas.microsoft.com/developer/msbuild/2003">
  <ItemGroup>
    <CustomBuild Include="D:\Soft\_C++ Course\Prof\Lesson15\HomeWork\src\CMakeFiles\385042d158bf1370901dc2f88d3bbe9d\generate.stamp.rule">
      <Filter>CMake Rules</Filter>
    </CustomBuild>
  </ItemGroup>
  <ItemGroup>
    <Filter Include="CMake Rules">
      <UniqueIdentifier>{73E66C8D-D3D3-3E23-BA19-26C80605FC7F}</UniqueIdentifier>
    </Filter>
  </ItemGroup>
</Project>
